
Microsoft Visual Studio Solution File, Format Version 12.00
# Visual Studio 14
VisualStudioVersion = 14.0.25420.1
MinimumVisualStudioVersion = 10.0.40219.1
Project("{FAE04EC0-301F-11D3-BF4B-00C04F79EFBC}") = "HauntedDungeon", "JewelThief\HauntedDungeon.csproj", "{9109C078-D4A3-4F43-A157-937D641A4896}"
EndProject
Global
	GlobalSection(SolutionConfigurationPlatforms) = preSolution
		Debug|Any CPU = Debug|Any CPU
		Release|Any CPU = Release|Any CPU
	EndGlobalSection
	GlobalSection(ProjectConfigurationPlatforms) = postSolution
		{9109C078-D4A3-4F43-A157-937D641A4896}.Debug|Any CPU.ActiveCfg = Debug|Any CPU
		{9109C078-D4A3-4F43-A157-937D641A4896}.Debug|Any CPU.Build.0 = Debug|Any CPU
		{9109C078-D4A3-4F43-A157-937D641A4896}.Release|Any CPU.ActiveCfg = Release|Any CPU
		{9109C078-D4A3-4F43-A157-937D641A4896}.Release|Any CPU.Build.0 = Release|Any CPU
	EndGlobalSection
	GlobalSection(SolutionProperties) = preSolution
		HideSolutionNode = FALSE
	EndGlobalSection
EndGlobal
